// !$*UTF8*$!
{
	archiveVersion = 1;
	classes = {
	};
	objectVersion = 46;
	objects = {

/* Begin PBXBuildFile section */
		A04386D71BAB4A73008E1587 /* main.m in Sources */ = {isa = PBXBuildFile; fileRef = A04386D61BAB4A73008E1587 /* main.m */; };
		A04386DA1BAB4A73008E1587 /* AppDelegate.m in Sources */ = {isa = PBXBuildFile; fileRef = A04386D91BAB4A73008E1587 /* AppDelegate.m */; };
		A04386E01BAB4A73008E1587 /* Main.storyboard in Resources */ = {isa = PBXBuildFile; fileRef = A04386DE1BAB4A73008E1587 /* Main.storyboard */; };
		A04386E21BAB4A73008E1587 /* Assets.xcassets in Resources */ = {isa = PBXBuildFile; fileRef = A04386E11BAB4A73008E1587 /* Assets.xcassets */; };
		A04386E51BAB4A73008E1587 /* LaunchScreen.storyboard in Resources */ = {isa = PBXBuildFile; fileRef = A04386E31BAB4A73008E1587 /* LaunchScreen.storyboard */; };
		A04386F01BAB4A73008E1587 /* canvasTests.m in Sources */ = {isa = PBXBuildFile; fileRef = A04386EF1BAB4A73008E1587 /* canvasTests.m */; };
		A04386FB1BAB4A73008E1587 /* canvasUITests.m in Sources */ = {isa = PBXBuildFile; fileRef = A04386FA1BAB4A73008E1587 /* canvasUITests.m */; };
		A043870A1BAB4EFE008E1587 /* CanvasViewController.m in Sources */ = {isa = PBXBuildFile; fileRef = A04387091BAB4EFE008E1587 /* CanvasViewController.m */; settings = {ASSET_TAGS = (); }; };
/* End PBXBuildFile section */

/* Begin PBXContainerItemProxy section */
		A04386EC1BAB4A73008E1587 /* PBXContainerItemProxy */ = {
			isa = PBXContainerItemProxy;
			containerPortal = A04386CA1BAB4A73008E1587 /* Project object */;
			proxyType = 1;
			remoteGlobalIDString = A04386D11BAB4A73008E1587;
			remoteInfo = canvas;
		};
		A04386F71BAB4A73008E1587 /* PBXContainerItemProxy */ = {
			isa = PBXContainerItemProxy;
			containerPortal = A04386CA1BAB4A73008E1587 /* Project object */;
			proxyType = 1;
			remoteGlobalIDString = A04386D11BAB4A73008E1587;
			remoteInfo = canvas;
		};
/* End PBXContainerItemProxy section */

/* Begin PBXFileReference section */
		A04386D21BAB4A73008E1587 /* canvas.app */ = {isa = PBXFileReference; explicitFileType = wrapper.application; includeInIndex = 0; path = canvas.app; sourceTree = BUILT_PRODUCTS_DIR; };
		A04386D61BAB4A73008E1587 /* main.m */ = {isa = PBXFileReference; lastKnownFileType = sourcecode.c.objc; path = main.m; sourceTree = "<group>"; };
		A04386D81BAB4A73008E1587 /* AppDelegate.h */ = {isa = PBXFileReference; lastKnownFileType = sourcecode.c.h; path = AppDelegate.h; sourceTree = "<group>"; };
		A04386D91BAB4A73008E1587 /* AppDelegate.m */ = {isa = PBXFileReference; lastKnownFileType = sourcecode.c.objc; path = AppDelegate.m; sourceTree = "<group>"; };
		A04386DF1BAB4A73008E1587 /* Base */ = {isa = PBXFileReference; lastKnownFileType = file.storyboard; name = Base; path = Base.lproj/Main.storyboard; sourceTree = "<group>"; };
		A04386E11BAB4A73008E1587 /* Assets.xcassets */ = {isa = PBXFileReference; lastKnownFileType = folder.assetcatalog; path = Assets.xcassets; sourceTree = "<group>"; };
		A04386E41BAB4A73008E1587 /* Base */ = {isa = PBXFileReference; lastKnownFileType = file.storyboard; name = Base; path = Base.lproj/LaunchScreen.storyboard; sourceTree = "<group>"; };
		A04386E61BAB4A73008E1587 /* Info.plist */ = {isa = PBXFileReference; lastKnownFileType = text.plist.xml; path = Info.plist; sourceTree = "<group>"; };
		A04386EB1BAB4A73008E1587 /* canvasTests.xctest */ = {isa = PBXFileReference; explicitFileType = wrapper.cfbundle; includeInIndex = 0; path = canvasTests.xctest; sourceTree = BUILT_PRODUCTS_DIR; };
		A04386EF1BAB4A73008E1587 /* canvasTests.m */ = {isa = PBXFileReference; lastKnownFileType = sourcecode.c.objc; path = canvasTests.m; sourceTree = "<group>"; };
		A04386F11BAB4A73008E1587 /* Info.plist */ = {isa = PBXFileReference; lastKnownFileType = text.plist.xml; path = Info.plist; sourceTree = "<group>"; };
		A04386F61BAB4A73008E1587 /* canvasUITests.xctest */ = {isa = PBXFileReference; explicitFileType = wrapper.cfbundle; includeInIndex = 0; path = canvasUITests.xctest; sourceTree = BUILT_PRODUCTS_DIR; };
		A04386FA1BAB4A73008E1587 /* canvasUITests.m */ = {isa = PBXFileReference; lastKnownFileType = sourcecode.c.objc; path = canvasUITests.m; sourceTree = "<group>"; };
		A04386FC1BAB4A73008E1587 /* Info.plist */ = {isa = PBXFileReference; lastKnownFileType = text.plist.xml; path = Info.plist; sourceTree = "<group>"; };
		A04387081BAB4EFE008E1587 /* CanvasViewController.h */ = {isa = PBXFileReference; fileEncoding = 4; lastKnownFileType = sourcecode.c.h; path = CanvasViewController.h; sourceTree = "<group>"; };
		A04387091BAB4EFE008E1587 /* CanvasViewController.m */ = {isa = PBXFileReference; fileEncoding = 4; lastKnownFileType = sourcecode.c.objc; path = CanvasViewController.m; sourceTree = "<group>"; };
/* End PBXFileReference section */

/* Begin PBXFrameworksBuildPhase section */
		A04386CF1BAB4A73008E1587 /* Frameworks */ = {
			isa = PBXFrameworksBuildPhase;
			buildActionMask = 2147483647;
			files = (
			);
			runOnlyForDeploymentPostprocessing = 0;
		};
		A04386E81BAB4A73008E1587 /* Frameworks */ = {
			isa = PBXFrameworksBuildPhase;
			buildActionMask = 2147483647;
			files = (
			);
			runOnlyForDeploymentPostprocessing = 0;
		};
		A04386F31BAB4A73008E1587 /* Frameworks */ = {
			isa = PBXFrameworksBuildPhase;
			buildActionMask = 2147483647;
			files = (
			);
			runOnlyForDeploymentPostprocessing = 0;
		};
/* End PBXFrameworksBuildPhase section */

/* Begin PBXGroup section */
		A04386C91BAB4A73008E1587 = {
			isa = PBXGroup;
			children = (
				A04386D41BAB4A73008E1587 /* canvas */,
				A04386EE1BAB4A73008E1587 /* canvasTests */,
				A04386F91BAB4A73008E1587 /* canvasUITests */,
				A04386D31BAB4A73008E1587 /* Products */,
			);
			sourceTree = "<group>";
		};
		A04386D31BAB4A73008E1587 /* Products */ = {
			isa = PBXGroup;
			children = (
				A04386D21BAB4A73008E1587 /* canvas.app */,
				A04386EB1BAB4A73008E1587 /* canvasTests.xctest */,
				A04386F61BAB4A73008E1587 /* canvasUITests.xctest */,
			);
			name = Products;
			sourceTree = "<group>";
		};
		A04386D41BAB4A73008E1587 /* canvas */ = {
			isa = PBXGroup;
			children = (
				A04386D81BAB4A73008E1587 /* AppDelegate.h */,
				A04386D91BAB4A73008E1587 /* AppDelegate.m */,
				A04386DE1BAB4A73008E1587 /* Main.storyboard */,
				A04386E11BAB4A73008E1587 /* Assets.xcassets */,
				A04386E31BAB4A73008E1587 /* LaunchScreen.storyboard */,
				A04386E61BAB4A73008E1587 /* Info.plist */,
				A04386D51BAB4A73008E1587 /* Supporting Files */,
				A04387081BAB4EFE008E1587 /* CanvasViewController.h */,
				A04387091BAB4EFE008E1587 /* CanvasViewController.m */,
			);
			path = canvas;
			sourceTree = "<group>";
		};
		A04386D51BAB4A73008E1587 /* Supporting Files */ = {
			isa = PBXGroup;
			children = (
				A04386D61BAB4A73008E1587 /* main.m */,
			);
			name = "Supporting Files";
			sourceTree = "<group>";
		};
		A04386EE1BAB4A73008E1587 /* canvasTests */ = {
			isa = PBXGroup;
			children = (
				A04386EF1BAB4A73008E1587 /* canvasTests.m */,
				A04386F11BAB4A73008E1587 /* Info.plist */,
			);
			path = canvasTests;
			sourceTree = "<group>";
		};
		A04386F91BAB4A73008E1587 /* canvasUITests */ = {
			isa = PBXGroup;
			children = (
				A04386FA1BAB4A73008E1587 /* canvasUITests.m */,
				A04386FC1BAB4A73008E1587 /* Info.plist */,
			);
			path = canvasUITests;
			sourceTree = "<group>";
		};
/* End PBXGroup section */

/* Begin PBXNativeTarget section */
		A04386D11BAB4A73008E1587 /* canvas */ = {
			isa = PBXNativeTarget;
			buildConfigurationList = A04386FF1BAB4A73008E1587 /* Build configuration list for PBXNativeTarget "canvas" */;
			buildPhases = (
				A04386CE1BAB4A73008E1587 /* Sources */,
				A04386CF1BAB4A73008E1587 /* Frameworks */,
				A04386D01BAB4A73008E1587 /* Resources */,
			);
			buildRules = (
			);
			dependencies = (
			);
			name = canvas;
			productName = canvas;
			productReference = A04386D21BAB4A73008E1587 /* canvas.app */;
			productType = "com.apple.product-type.application";
		};
		A04386EA1BAB4A73008E1587 /* canvasTests */ = {
			isa = PBXNativeTarget;
			buildConfigurationList = A04387021BAB4A73008E1587 /* Build configuration list for PBXNativeTarget "canvasTests" */;
			buildPhases = (
				A04386E71BAB4A73008E1587 /* Sources */,
				A04386E81BAB4A73008E1587 /* Frameworks */,
				A04386E91BAB4A73008E1587 /* Resources */,
			);
			buildRules = (
			);
			dependencies = (
				A04386ED1BAB4A73008E1587 /* PBXTargetDependency */,
			);
			name = canvasTests;
			productName = canvasTests;
			productReference = A04386EB1BAB4A73008E1587 /* canvasTests.xctest */;
			productType = "com.apple.product-type.bundle.unit-test";
		};
		A04386F51BAB4A73008E1587 /* canvasUITests */ = {
			isa = PBXNativeTarget;
			buildConfigurationList = A04387051BAB4A73008E1587 /* Build configuration list for PBXNativeTarget "canvasUITests" */;
			buildPhases = (
				A04386F21BAB4A73008E1587 /* Sources */,
				A04386F31BAB4A73008E1587 /* Frameworks */,
				A04386F41BAB4A73008E1587 /* Resources */,
			);
			buildRules = (
			);
			dependencies = (
				A04386F81BAB4A73008E1587 /* PBXTargetDependency */,
			);
			name = canvasUITests;
			productName = canvasUITests;
			productReference = A04386F61BAB4A73008E1587 /* canvasUITests.xctest */;
			productType = "com.apple.product-type.bundle.ui-testing";
		};
/* End PBXNativeTarget section */

/* Begin PBXProject section */
		A04386CA1BAB4A73008E1587 /* Project object */ = {
			isa = PBXProject;
			attributes = {
				LastUpgradeCheck = 0700;
				ORGANIZATIONNAME = "Dhanya R";
				TargetAttributes = {
					A04386D11BAB4A73008E1587 = {
						CreatedOnToolsVersion = 7.0;
						DevelopmentTeam = PK65Z2H2VH;
					};
					A04386EA1BAB4A73008E1587 = {
						CreatedOnToolsVersion = 7.0;
						DevelopmentTeam = PK65Z2H2VH;
						TestTargetID = A04386D11BAB4A73008E1587;
					};
					A04386F51BAB4A73008E1587 = {
						CreatedOnToolsVersion = 7.0;
						DevelopmentTeam = PK65Z2H2VH;
						TestTargetID = A04386D11BAB4A73008E1587;
					};
				};
			};
			buildConfigurationList = A04386CD1BAB4A73008E1587 /* Build configuration list for PBXProject "canvas" */;
			compatibilityVersion = "Xcode 3.2";
			developmentRegion = English;
			hasScannedForEncodings = 0;
			knownRegions = (
				en,
				Base,
			);
			mainGroup = A04386C91BAB4A73008E1587;
			productRefGroup = A04386D31BAB4A73008E1587 /* Products */;
			projectDirPath = "";
			projectRoot = "";
			targets = (
				A04386D11BAB4A73008E1587 /* canvas */,
				A04386EA1BAB4A73008E1587 /* canvasTests */,
				A04386F51BAB4A73008E1587 /* canvasUITests */,
			);
		};
/* End PBXProject section */

/* Begin PBXResourcesBuildPhase section */
		A04386D01BAB4A73008E1587 /* Resources */ = {
			isa = PBXResourcesBuildPhase;
			buildActionMask = 2147483647;
			files = (
				A04386E51BAB4A73008E1587 /* LaunchScreen.storyboard in Resources */,
				A04386E21BAB4A73008E1587 /* Assets.xcassets in Resources */,
				A04386E01BAB4A73008E1587 /* Main.storyboard in Resources */,
			);
			runOnlyForDeploymentPostprocessing = 0;
		};
		A04386E91BAB4A73008E1587 /* Resources */ = {
			isa = PBXResourcesBuildPhase;
			buildActionMask = 2147483647;
			files = (
			);
			runOnlyForDeploymentPostprocessing = 0;
		};
		A04386F41BAB4A73008E1587 /* Resources */ = {
			isa = PBXResourcesBuildPhase;
			buildActionMask = 2147483647;
			files = (
			);
			runOnlyForDeploymentPostprocessing = 0;
		};
/* End PBXResourcesBuildPhase section */

/* Begin PBXSourcesBuildPhase section */
		A04386CE1BAB4A73008E1587 /* Sources */ = {
			isa = PBXSourcesBuildPhase;
			buildActionMask = 2147483647;
			files = (
				A04386DA1BAB4A73008E1587 /* AppDelegate.m in Sources */,
				A04386D71BAB4A73008E1587 /* main.m in Sources */,
				A043870A1BAB4EFE008E1587 /* CanvasViewController.m in Sources */,
			);
			runOnlyForDeploymentPostprocessing = 0;
		};
		A04386E71BAB4A73008E1587 /* Sources */ = {
			isa = PBXSourcesBuildPhase;
			buildActionMask = 2147483647;
			files = (
				A04386F01BAB4A73008E1587 /* canvasTests.m in Sources */,
			);
			runOnlyForDeploymentPostprocessing = 0;
		};
		A04386F21BAB4A73008E1587 /* Sources */ = {
			isa = PBXSourcesBuildPhase;
			buildActionMask = 2147483647;
			files = (
				A04386FB1BAB4A73008E1587 /* canvasUITests.m in Sources */,
			);
			runOnlyForDeploymentPostprocessing = 0;
		};
/* End PBXSourcesBuildPhase section */

/* Begin PBXTargetDependency section */
		A04386ED1BAB4A73008E1587 /* PBXTargetDependency */ = {
			isa = PBXTargetDependency;
			target = A04386D11BAB4A73008E1587 /* canvas */;
			targetProxy = A04386EC1BAB4A73008E1587 /* PBXContainerItemProxy */;
		};
		A04386F81BAB4A73008E1587 /* PBXTargetDependency */ = {
			isa = PBXTargetDependency;
			target = A04386D11BAB4A73008E1587 /* canvas */;
			targetProxy = A04386F71BAB4A73008E1587 /* PBXContainerItemProxy */;
		};
/* End PBXTargetDependency section */

/* Begin PBXVariantGroup section */
		A04386DE1BAB4A73008E1587 /* Main.storyboard */ = {
			isa = PBXVariantGroup;
			children = (
				A04386DF1BAB4A73008E1587 /* Base */,
			);
			name = Main.storyboard;
			sourceTree = "<group>";
		};
		A04386E31BAB4A73008E1587 /* LaunchScreen.storyboard */ = {
			isa = PBXVariantGroup;
			children = (
				A04386E41BAB4A73008E1587 /* Base */,
			);
			name = LaunchScreen.storyboard;
			sourceTree = "<group>";
		};
/* End PBXVariantGroup section */

/* Begin XCBuildConfiguration section */
		A04386FD1BAB4A73008E1587 /* Debug */ = {
			isa = XCBuildConfiguration;
			buildSettings = {
				ALWAYS_SEARCH_USER_PATHS = NO;
				CLANG_CXX_LANGUAGE_STANDARD = "gnu++0x";
				CLANG_CXX_LIBRARY = "libc++";
				CLANG_ENABLE_MODULES = YES;
				CLANG_ENABLE_OBJC_ARC = YES;
				CLANG_WARN_BOOL_CONVERSION = YES;
				CLANG_WARN_CONSTANT_CONVERSION = YES;
				CLANG_WARN_DIRECT_OBJC_ISA_USAGE = YES_ERROR;
				CLANG_WARN_EMPTY_BODY = YES;
				CLANG_WARN_ENUM_CONVERSION = YES;
				CLANG_WARN_INT_CONVERSION = YES;
				CLANG_WARN_OBJC_ROOT_CLASS = YES_ERROR;
				CLANG_WARN_UNREACHABLE_CODE = YES;
				CLANG_WARN__DUPLICATE_METHOD_MATCH = YES;
				"CODE_SIGN_IDENTITY[sdk=iphoneos*]" = "iPhone Developer";
				COPY_PHASE_STRIP = NO;
				DEBUG_INFORMATION_FORMAT = dwarf;
				ENABLE_STRICT_OBJC_MSGSEND = YES;
				ENABLE_TESTABILITY = YES;
				GCC_C_LANGUAGE_STANDARD = gnu99;
				GCC_DYNAMIC_NO_PIC = NO;
				GCC_NO_COMMON_BLOCKS = YES;
				GCC_OPTIMIZATION_LEVEL = 0;
				GCC_PREPROCESSOR_DEFINITIONS = (
					"DEBUG=1",
					"$(inherited)",
				);
				GCC_WARN_64_TO_32_BIT_CONVERSION = YES;
				GCC_WARN_ABOUT_RETURN_TYPE = YES_ERROR;
				GCC_WARN_UNDECLARED_SELECTOR = YES;
				GCC_WARN_UNINITIALIZED_AUTOS = YES_AGGRESSIVE;
				GCC_WARN_UNUSED_FUNCTION = YES;
				GCC_WARN_UNUSED_VARIABLE = YES;
				IPHONEOS_DEPLOYMENT_TARGET = 9.0;
				MTL_ENABLE_DEBUG_INFO = YES;
				ONLY_ACTIVE_ARCH = YES;
				SDKROOT = iphoneos;
				TARGETED_DEVICE_FAMILY = "1,2";
			};
			name = Debug;
		};
		A04386FE1BAB4A73008E1587 /* Release */ = {
			isa = XCBuildConfiguration;
			buildSettings = {
				ALWAYS_SEARCH_USER_PATHS = NO;
				CLANG_CXX_LANGUAGE_STANDARD = "gnu++0x";
				CLANG_CXX_LIBRARY = "libc++";
				CLANG_ENABLE_MODULES = YES;
				CLANG_ENABLE_OBJC_ARC = YES;
				CLANG_WARN_BOOL_CONVERSION = YES;
				CLANG_WARN_CONSTANT_CONVERSION = YES;
				CLANG_WARN_DIRECT_OBJC_ISA_USAGE = YES_ERROR;
				CLANG_WARN_EMPTY_BODY = YES;
				CLANG_WARN_ENUM_CONVERSION = YES;
				CLANG_WARN_INT_CONVERSION = YES;
				CLANG_WARN_OBJC_ROOT_CLASS = YES_ERROR;
				CLANG_WARN_UNREACHABLE_CODE = YES;
				CLANG_WARN__DUPLICATE_METHOD_MATCH = YES;
				"CODE_SIGN_IDENTITY[sdk=iphoneos*]" = "iPhone Developer";
				COPY_PHASE_STRIP = NO;
				DEBUG_INFORMATION_FORMAT = "dwarf-with-dsym";
				ENABLE_NS_ASSERTIONS = NO;
				ENABLE_STRICT_OBJC_MSGSEND = YES;
				GCC_C_LANGUAGE_STANDARD = gnu99;
				GCC_NO_COMMON_BLOCKS = YES;
				GCC_WARN_64_TO_32_BIT_CONVERSION = YES;
				GCC_WARN_ABOUT_RETURN_TYPE = YES_ERROR;
				GCC_WARN_UNDECLARED_SELECTOR = YES;
				GCC_WARN_UNINITIALIZED_AUTOS = YES_AGGRESSIVE;
				GCC_WARN_UNUSED_FUNCTION = YES;
				GCC_WARN_UNUSED_VARIABLE = YES;
				IPHONEOS_DEPLOYMENT_TARGET = 9.0;
				MTL_ENABLE_DEBUG_INFO = NO;
				SDKROOT = iphoneos;
				TARGETED_DEVICE_FAMILY = "1,2";
				VALIDATE_PRODUCT = YES;
			};
			name = Release;
		};
		A04387001BAB4A73008E1587 /* Debug */ = {
			isa = XCBuildConfiguration;
			buildSettings = {
				ASSETCATALOG_COMPILER_APPICON_NAME = AppIcon;
				INFOPLIST_FILE = canvas/Info.plist;
				LD_RUNPATH_SEARCH_PATHS = "$(inherited) @executable_path/Frameworks";
				PRODUCT_BUNDLE_IDENTIFIER = com.dhanyar.canvas;
				PRODUCT_NAME = "$(TARGET_NAME)";
			};
			name = Debug;
		};
		A04387011BAB4A73008E1587 /* Release */ = {
			isa = XCBuildConfiguration;
			buildSettings = {
				ASSETCATALOG_COMPILER_APPICON_NAME = AppIcon;
				INFOPLIST_FILE = canvas/Info.plist;
				LD_RUNPATH_SEARCH_PATHS = "$(inherited) @executable_path/Frameworks";
				PRODUCT_BUNDLE_IDENTIFIER = com.dhanyar.canvas;
				PRODUCT_NAME = "$(TARGET_NAME)";
			};
			name = Release;
		};
		A04387031BAB4A73008E1587 /* Debug */ = {
			isa = XCBuildConfiguration;
			buildSettings = {
				BUNDLE_LOADER = "$(TEST_HOST)";
				INFOPLIST_FILE = canvasTests/Info.plist;
				LD_RUNPATH_SEARCH_PATHS = "$(inherited) @executable_path/Frameworks @loader_path/Frameworks";
				PRODUCT_BUNDLE_IDENTIFIER = com.dhanyar.canvasTests;
				PRODUCT_NAME = "$(TARGET_NAME)";
				TEST_HOST = "$(BUILT_PRODUCTS_DIR)/canvas.app/canvas";
			};
			name = Debug;
		};
		A04387041BAB4A73008E1587 /* Release */ = {
			isa = XCBuildConfiguration;
			buildSettings = {
				BUNDLE_LOADER = "$(TEST_HOST)";
				INFOPLIST_FILE = canvasTests/Info.plist;
				LD_RUNPATH_SEARCH_PATHS = "$(inherited) @executable_path/Frameworks @loader_path/Frameworks";
				PRODUCT_BUNDLE_IDENTIFIER = com.dhanyar.canvasTests;
				PRODUCT_NAME = "$(TARGET_NAME)";
				TEST_HOST = "$(BUILT_PRODUCTS_DIR)/canvas.app/canvas";
			};
			name = Release;
		};
		A04387061BAB4A73008E1587 /* Debug */ = {
			isa = XCBuildConfiguration;
			buildSettings = {
				INFOPLIST_FILE = canvasUITests/Info.plist;
				LD_RUNPATH_SEARCH_PATHS = "$(inherited) @executable_path/Frameworks @loader_path/Frameworks";
				PRODUCT_BUNDLE_IDENTIFIER = com.dhanyar.canvasUITests;
				PRODUCT_NAME = "$(TARGET_NAME)";
				TEST_TARGET_NAME = canvas;
				USES_XCTRUNNER = YES;
			};
			name = Debug;
		};
		A04387071BAB4A73008E1587 /* Release */ = {
			isa = XCBuildConfiguration;
			buildSettings = {
				INFOPLIST_FILE = canvasUITests/Info.plist;
				LD_RUNPATH_SEARCH_PATHS = "$(inherited) @executable_path/Frameworks @loader_path/Frameworks";
				PRODUCT_BUNDLE_IDENTIFIER = com.dhanyar.canvasUITests;
				PRODUCT_NAME = "$(TARGET_NAME)";
				TEST_TARGET_NAME = canvas;
				USES_XCTRUNNER = YES;
			};
			name = Release;
		};
/* End XCBuildConfiguration section */

/* Begin XCConfigurationList section */
		A04386CD1BAB4A73008E1587 /* Build configuration list for PBXProject "canvas" */ = {
			isa = XCConfigurationList;
			buildConfigurations = (
				A04386FD1BAB4A73008E1587 /* Debug */,
				A04386FE1BAB4A73008E1587 /* Release */,
			);
			defaultConfigurationIsVisible = 0;
			defaultConfigurationName = Release;
		};
		A04386FF1BAB4A73008E1587 /* Build configuration list for PBXNativeTarget "canvas" */ = {
			isa = XCConfigurationList;
			buildConfigurations = (
				A04387001BAB4A73008E1587 /* Debug */,
				A04387011BAB4A73008E1587 /* Release */,
			);
			defaultConfigurationIsVisible = 0;
			defaultConfigurationName = Release;
		};
		A04387021BAB4A73008E1587 /* Build configuration list for PBXNativeTarget "canvasTests" */ = {
			isa = XCConfigurationList;
			buildConfigurations = (
				A04387031BAB4A73008E1587 /* Debug */,
				A04387041BAB4A73008E1587 /* Release */,
			);
			defaultConfigurationIsVisible = 0;
			defaultConfigurationName = Release;
		};
		A04387051BAB4A73008E1587 /* Build configuration list for PBXNativeTarget "canvasUITests" */ = {
			isa = XCConfigurationList;
			buildConfigurations = (
				A04387061BAB4A73008E1587 /* Debug */,
				A04387071BAB4A73008E1587 /* Release */,
			);
			defaultConfigurationIsVisible = 0;
			defaultConfigurationName = Release;
		};
/* End XCConfigurationList section */
	};
	rootObject = A04386CA1BAB4A73008E1587 /* Project object */;
}
